// !$*UTF8*$!
{
	archiveVersion = 1;
	classes = {
	};
	objectVersion = 46;
	objects = {

/* Begin PBXBuildFile section */
		764D5FFB1A83345F00B186A5 /* CustomNavigationController.m in Sources */ = {isa = PBXBuildFile; fileRef = 764D5FF61A83345F00B186A5 /* CustomNavigationController.m */; };
		764D5FFC1A83345F00B186A5 /* MainTabBarViewController.m in Sources */ = {isa = PBXBuildFile; fileRef = 764D5FF81A83345F00B186A5 /* MainTabBarViewController.m */; };
		764D5FFD1A83345F00B186A5 /* SecondaryViewController.m in Sources */ = {isa = PBXBuildFile; fileRef = 764D5FFA1A83345F00B186A5 /* SecondaryViewController.m */; };
		764D60011A83349C00B186A5 /* CTLCustom.m in Sources */ = {isa = PBXBuildFile; fileRef = 764D60001A83349C00B186A5 /* CTLCustom.m */; };
		764D60081A8343C400B186A5 /* ServiceItemCell.m in Sources */ = {isa = PBXBuildFile; fileRef = 764D60061A8343C400B186A5 /* ServiceItemCell.m */; };
		764D60091A8343C400B186A5 /* ServiceItemCell.xib in Resources */ = {isa = PBXBuildFile; fileRef = 764D60071A8343C400B186A5 /* ServiceItemCell.xib */; };
		764D600C1A83441500B186A5 /* ServiceMainView.m in Sources */ = {isa = PBXBuildFile; fileRef = 764D600B1A83441500B186A5 /* ServiceMainView.m */; };
		764D600F1A835F1F00B186A5 /* PopoverView.m in Sources */ = {isa = PBXBuildFile; fileRef = 764D600E1A835F1F00B186A5 /* PopoverView.m */; settings = {COMPILER_FLAGS = "-fno-objc-arc"; }; };
		764D60131A8360B900B186A5 /* TicketQueryViewController.m in Sources */ = {isa = PBXBuildFile; fileRef = 764D60111A8360B900B186A5 /* TicketQueryViewController.m */; };
		764D60141A8360B900B186A5 /* TicketQueryViewController.xib in Resources */ = {isa = PBXBuildFile; fileRef = 764D60121A8360B900B186A5 /* TicketQueryViewController.xib */; };
		764D60191A836DD600B186A5 /* XTFileManager.m in Sources */ = {isa = PBXBuildFile; fileRef = 764D60181A836DD600B186A5 /* XTFileManager.m */; };
		767812681A806C3200CB4B08 /* RegViewController.m in Sources */ = {isa = PBXBuildFile; fileRef = 767812671A806C3200CB4B08 /* RegViewController.m */; };
		7678126A1A806C6000CB4B08 /* RegViewController.xib in Resources */ = {isa = PBXBuildFile; fileRef = 767812691A806C6000CB4B08 /* RegViewController.xib */; };
		7678126C1A80736600CB4B08 /* base_back@2x.png in Resources */ = {isa = PBXBuildFile; fileRef = 7678126B1A80736600CB4B08 /* base_back@2x.png */; };
		767812721A808F1D00CB4B08 /* AsyncHttpRequest.m in Sources */ = {isa = PBXBuildFile; fileRef = 7678126F1A808F1D00CB4B08 /* AsyncHttpRequest.m */; settings = {COMPILER_FLAGS = "-fno-objc-arc"; }; };
		767812731A808F1D00CB4B08 /* CSIHttpRequest.m in Sources */ = {isa = PBXBuildFile; fileRef = 767812711A808F1D00CB4B08 /* CSIHttpRequest.m */; settings = {COMPILER_FLAGS = "-fno-objc-arc"; }; };
		767812791A80939A00CB4B08 /* HttpService.m in Sources */ = {isa = PBXBuildFile; fileRef = 767812781A80939A00CB4B08 /* HttpService.m */; };
		7678127D1A8096FC00CB4B08 /* LostPsdViewController.m in Sources */ = {isa = PBXBuildFile; fileRef = 7678127B1A8096FC00CB4B08 /* LostPsdViewController.m */; };
		7678127E1A8096FC00CB4B08 /* LostPsdViewController.xib in Resources */ = {isa = PBXBuildFile; fileRef = 7678127C1A8096FC00CB4B08 /* LostPsdViewController.xib */; };
		767812811A80981000CB4B08 /* SettingService.m in Sources */ = {isa = PBXBuildFile; fileRef = 767812801A80981000CB4B08 /* SettingService.m */; };
		7678128B1A809FE700CB4B08 /* IndexTabViewController.m in Sources */ = {isa = PBXBuildFile; fileRef = 767812891A809FE700CB4B08 /* IndexTabViewController.m */; };
		7678128C1A809FE700CB4B08 /* IndexTabViewController.xib in Resources */ = {isa = PBXBuildFile; fileRef = 7678128A1A809FE700CB4B08 /* IndexTabViewController.xib */; };
		767812901A80A00F00CB4B08 /* MessageTabViewController.m in Sources */ = {isa = PBXBuildFile; fileRef = 7678128E1A80A00F00CB4B08 /* MessageTabViewController.m */; };
		767812911A80A00F00CB4B08 /* MessageTabViewController.xib in Resources */ = {isa = PBXBuildFile; fileRef = 7678128F1A80A00F00CB4B08 /* MessageTabViewController.xib */; };
		767812951A80A02D00CB4B08 /* ServiceTabViewController.m in Sources */ = {isa = PBXBuildFile; fileRef = 767812931A80A02D00CB4B08 /* ServiceTabViewController.m */; };
		767812961A80A02D00CB4B08 /* ServiceTabViewController.xib in Resources */ = {isa = PBXBuildFile; fileRef = 767812941A80A02D00CB4B08 /* ServiceTabViewController.xib */; };
		7678129A1A80A04600CB4B08 /* MoreTabViewController.m in Sources */ = {isa = PBXBuildFile; fileRef = 767812981A80A04600CB4B08 /* MoreTabViewController.m */; };
		7678129B1A80A04600CB4B08 /* MoreTabViewController.xib in Resources */ = {isa = PBXBuildFile; fileRef = 767812991A80A04600CB4B08 /* MoreTabViewController.xib */; };
		7678129F1A80A71500CB4B08 /* tab_bar_1@2x.png in Resources */ = {isa = PBXBuildFile; fileRef = 7678129D1A80A71500CB4B08 /* tab_bar_1@2x.png */; };
		767812A01A80A71500CB4B08 /* tab_bar_1_selected@2x.png in Resources */ = {isa = PBXBuildFile; fileRef = 7678129E1A80A71500CB4B08 /* tab_bar_1_selected@2x.png */; };
		767812BD1A80BCC700CB4B08 /* GCDAsyncSocket.m in Sources */ = {isa = PBXBuildFile; fileRef = 767812BC1A80BCC700CB4B08 /* GCDAsyncSocket.m */; };
		767812C11A80BCD100CB4B08 /* UcmDispatchCenter.m in Sources */ = {isa = PBXBuildFile; fileRef = 767812C01A80BCD100CB4B08 /* UcmDispatchCenter.m */; };
		767812C71A80BDED00CB4B08 /* UcmHandleDataCenter.m in Sources */ = {isa = PBXBuildFile; fileRef = 767812C61A80BDED00CB4B08 /* UcmHandleDataCenter.m */; };
		767812D01A81F9FC00CB4B08 /* 1-1.jpg in Resources */ = {isa = PBXBuildFile; fileRef = 767812CC1A81F9FC00CB4B08 /* 1-1.jpg */; };
		767812D11A81F9FC00CB4B08 /* 1-2.jpg in Resources */ = {isa = PBXBuildFile; fileRef = 767812CD1A81F9FC00CB4B08 /* 1-2.jpg */; };
		767812D21A81F9FC00CB4B08 /* 1-3.jpg in Resources */ = {isa = PBXBuildFile; fileRef = 767812CE1A81F9FC00CB4B08 /* 1-3.jpg */; };
		767812D31A81F9FC00CB4B08 /* 1-4.jpg in Resources */ = {isa = PBXBuildFile; fileRef = 767812CF1A81F9FC00CB4B08 /* 1-4.jpg */; };
		767812DF1A830B0700CB4B08 /* PosterCollectionViewCell.m in Sources */ = {isa = PBXBuildFile; fileRef = 767812DD1A830B0700CB4B08 /* PosterCollectionViewCell.m */; };
		767812E01A830B0700CB4B08 /* PosterCollectionViewCell.xib in Resources */ = {isa = PBXBuildFile; fileRef = 767812DE1A830B0700CB4B08 /* PosterCollectionViewCell.xib */; };
		767812E91A83326F00CB4B08 /* MoreTableViewHeaderView.m in Sources */ = {isa = PBXBuildFile; fileRef = 767812E81A83326F00CB4B08 /* MoreTableViewHeaderView.m */; };
		767812EB1A83328500CB4B08 /* MoreTableViewHeaderView.xib in Resources */ = {isa = PBXBuildFile; fileRef = 767812EA1A83328500CB4B08 /* MoreTableViewHeaderView.xib */; };
		ED2586E11A7D14A1008EB344 /* main.m in Sources */ = {isa = PBXBuildFile; fileRef = ED2586E01A7D14A1008EB344 /* main.m */; };
		ED2586E41A7D14A1008EB344 /* AppDelegate.m in Sources */ = {isa = PBXBuildFile; fileRef = ED2586E31A7D14A1008EB344 /* AppDelegate.m */; };
		ED2586E71A7D14A1008EB344 /* ViewController.m in Sources */ = {isa = PBXBuildFile; fileRef = ED2586E61A7D14A1008EB344 /* ViewController.m */; };
		ED2586EA1A7D14A1008EB344 /* Main.storyboard in Resources */ = {isa = PBXBuildFile; fileRef = ED2586E81A7D14A1008EB344 /* Main.storyboard */; };
		ED2586EC1A7D14A1008EB344 /* Images.xcassets in Resources */ = {isa = PBXBuildFile; fileRef = ED2586EB1A7D14A1008EB344 /* Images.xcassets */; };
		ED2586EF1A7D14A1008EB344 /* LaunchScreen.xib in Resources */ = {isa = PBXBuildFile; fileRef = ED2586ED1A7D14A1008EB344 /* LaunchScreen.xib */; };
		ED2586FB1A7D14A1008EB344 /* XtiskTests.m in Sources */ = {isa = PBXBuildFile; fileRef = ED2586FA1A7D14A1008EB344 /* XtiskTests.m */; };
		ED25870F1A7D1686008EB344 /* Util.m in Sources */ = {isa = PBXBuildFile; fileRef = ED25870E1A7D1686008EB344 /* Util.m */; };
		ED2587171A7D1857008EB344 /* GDataXMLNode.m in Sources */ = {isa = PBXBuildFile; fileRef = ED2587111A7D1857008EB344 /* GDataXMLNode.m */; settings = {COMPILER_FLAGS = "-fno-objc-arc"; }; };
		ED2587181A7D1857008EB344 /* NSDate+utils.m in Sources */ = {isa = PBXBuildFile; fileRef = ED2587131A7D1857008EB344 /* NSDate+utils.m */; settings = {COMPILER_FLAGS = "-fno-objc-arc"; }; };
		ED2587191A7D1857008EB344 /* NSObject+Queue.m in Sources */ = {isa = PBXBuildFile; fileRef = ED2587151A7D1857008EB344 /* NSObject+Queue.m */; };
		ED25872E1A7D185D008EB344 /* GTMBase64.mm in Sources */ = {isa = PBXBuildFile; fileRef = ED25871C1A7D185D008EB344 /* GTMBase64.mm */; settings = {COMPILER_FLAGS = "-fno-objc-arc"; }; };
		ED25872F1A7D185D008EB344 /* NSData+AES256.m in Sources */ = {isa = PBXBuildFile; fileRef = ED25871F1A7D185D008EB344 /* NSData+AES256.m */; };
		ED2587301A7D185D008EB344 /* NSData+Base64.mm in Sources */ = {isa = PBXBuildFile; fileRef = ED2587211A7D185D008EB344 /* NSData+Base64.mm */; settings = {COMPILER_FLAGS = "-fno-objc-arc"; }; };
		ED2587391A7D1893008EB344 /* libxml2.dylib in Frameworks */ = {isa = PBXBuildFile; fileRef = ED2587381A7D1893008EB344 /* libxml2.dylib */; };
		ED2587461A7D1B4A008EB344 /* FMDatabase.m in Sources */ = {isa = PBXBuildFile; fileRef = ED25873C1A7D1B4A008EB344 /* FMDatabase.m */; };
		ED2587471A7D1B4A008EB344 /* FMDatabaseAdditions.m in Sources */ = {isa = PBXBuildFile; fileRef = ED25873E1A7D1B4A008EB344 /* FMDatabaseAdditions.m */; };
		ED2587481A7D1B4A008EB344 /* FMDatabasePool.m in Sources */ = {isa = PBXBuildFile; fileRef = ED2587401A7D1B4A008EB344 /* FMDatabasePool.m */; };
		ED2587491A7D1B4A008EB344 /* FMDatabaseQueue.m in Sources */ = {isa = PBXBuildFile; fileRef = ED2587421A7D1B4A008EB344 /* FMDatabaseQueue.m */; };
		ED25874A1A7D1B4A008EB344 /* FMResultSet.m in Sources */ = {isa = PBXBuildFile; fileRef = ED2587451A7D1B4A008EB344 /* FMResultSet.m */; };
		ED25874C1A7D1B95008EB344 /* libsqlite3.0.dylib in Frameworks */ = {isa = PBXBuildFile; fileRef = ED25874B1A7D1B95008EB344 /* libsqlite3.0.dylib */; };
		ED25874F1A7D1C34008EB344 /* DBManager.m in Sources */ = {isa = PBXBuildFile; fileRef = ED25874E1A7D1C34008EB344 /* DBManager.m */; };
		ED2587551A7FA9D8008EB344 /* LoginViewController.m in Sources */ = {isa = PBXBuildFile; fileRef = ED2587541A7FA9D8008EB344 /* LoginViewController.m */; };
		ED25875A1A7FAA0C008EB344 /* ExtendsView.m in Sources */ = {isa = PBXBuildFile; fileRef = ED2587571A7FAA0C008EB344 /* ExtendsView.m */; };
		ED25875B1A7FAA0C008EB344 /* LevelTwoViewController.m in Sources */ = {isa = PBXBuildFile; fileRef = ED2587591A7FAA0C008EB344 /* LevelTwoViewController.m */; };
		ED25875E1A7FAA2C008EB344 /* Person.m in Sources */ = {isa = PBXBuildFile; fileRef = ED25875D1A7FAA2C008EB344 /* Person.m */; };
		ED2587621A7FABF7008EB344 /* login_expend.png in Resources */ = {isa = PBXBuildFile; fileRef = ED2587611A7FABF7008EB344 /* login_expend.png */; };
		ED2587651A7FB1DA008EB344 /* ColorTools.m in Sources */ = {isa = PBXBuildFile; fileRef = ED2587641A7FB1DA008EB344 /* ColorTools.m */; };
		ED25876A1A80F961008EB344 /* SVProgressHUD.bundle in Resources */ = {isa = PBXBuildFile; fileRef = ED2587671A80F961008EB344 /* SVProgressHUD.bundle */; };
		ED25876B1A80F961008EB344 /* SVProgressHUD.m in Sources */ = {isa = PBXBuildFile; fileRef = ED2587691A80F961008EB344 /* SVProgressHUD.m */; };
		ED25876F1A824088008EB344 /* CirculaScrollView.m in Sources */ = {isa = PBXBuildFile; fileRef = ED25876E1A824088008EB344 /* CirculaScrollView.m */; };
		ED2587721A8240BB008EB344 /* GridMainView.m in Sources */ = {isa = PBXBuildFile; fileRef = ED2587711A8240BB008EB344 /* GridMainView.m */; };
/* End PBXBuildFile section */

/* Begin PBXContainerItemProxy section */
		ED2586F51A7D14A1008EB344 /* PBXContainerItemProxy */ = {
			isa = PBXContainerItemProxy;
			containerPortal = ED2586D31A7D14A1008EB344 /* Project object */;
			proxyType = 1;
			remoteGlobalIDString = ED2586DA1A7D14A1008EB344;
			remoteInfo = Xtisk;
		};
/* End PBXContainerItemProxy section */

/* Begin PBXFileReference section */
		764D5FF51A83345F00B186A5 /* CustomNavigationController.h */ = {isa = PBXFileReference; fileEncoding = 4; lastKnownFileType = sourcecode.c.h; path = CustomNavigationController.h; sourceTree = "<group>"; };
		764D5FF61A83345F00B186A5 /* CustomNavigationController.m */ = {isa = PBXFileReference; fileEncoding = 4; lastKnownFileType = sourcecode.c.objc; path = CustomNavigationController.m; sourceTree = "<group>"; };
		764D5FF71A83345F00B186A5 /* MainTabBarViewController.h */ = {isa = PBXFileReference; fileEncoding = 4; lastKnownFileType = sourcecode.c.h; path = MainTabBarViewController.h; sourceTree = "<group>"; };
		764D5FF81A83345F00B186A5 /* MainTabBarViewController.m */ = {isa = PBXFileReference; fileEncoding = 4; lastKnownFileType = sourcecode.c.objc; path = MainTabBarViewController.m; sourceTree = "<group>"; };
		764D5FF91A83345F00B186A5 /* SecondaryViewController.h */ = {isa = PBXFileReference; fileEncoding = 4; lastKnownFileType = sourcecode.c.h; path = SecondaryViewController.h; sourceTree = "<group>"; };
		764D5FFA1A83345F00B186A5 /* SecondaryViewController.m */ = {isa = PBXFileReference; fileEncoding = 4; lastKnownFileType = sourcecode.c.objc; path = SecondaryViewController.m; sourceTree = "<group>"; };
		764D5FFF1A83349C00B186A5 /* CTLCustom.h */ = {isa = PBXFileReference; fileEncoding = 4; lastKnownFileType = sourcecode.c.h; path = CTLCustom.h; sourceTree = "<group>"; };
		764D60001A83349C00B186A5 /* CTLCustom.m */ = {isa = PBXFileReference; fileEncoding = 4; lastKnownFileType = sourcecode.c.objc; path = CTLCustom.m; sourceTree = "<group>"; };
		764D60051A8343C400B186A5 /* ServiceItemCell.h */ = {isa = PBXFileReference; fileEncoding = 4; lastKnownFileType = sourcecode.c.h; path = ServiceItemCell.h; sourceTree = "<group>"; };
		764D60061A8343C400B186A5 /* ServiceItemCell.m */ = {isa = PBXFileReference; fileEncoding = 4; lastKnownFileType = sourcecode.c.objc; path = ServiceItemCell.m; sourceTree = "<group>"; };
		764D60071A8343C400B186A5 /* ServiceItemCell.xib */ = {isa = PBXFileReference; fileEncoding = 4; lastKnownFileType = file.xib; path = ServiceItemCell.xib; sourceTree = "<group>"; };
		764D600A1A83441500B186A5 /* ServiceMainView.h */ = {isa = PBXFileReference; fileEncoding = 4; lastKnownFileType = sourcecode.c.h; path = ServiceMainView.h; sourceTree = "<group>"; };
		764D600B1A83441500B186A5 /* ServiceMainView.m */ = {isa = PBXFileReference; fileEncoding = 4; lastKnownFileType = sourcecode.c.objc; path = ServiceMainView.m; sourceTree = "<group>"; };
		764D600D1A835F1F00B186A5 /* PopoverView.h */ = {isa = PBXFileReference; fileEncoding = 4; lastKnownFileType = sourcecode.c.h; path = PopoverView.h; sourceTree = "<group>"; };
		764D600E1A835F1F00B186A5 /* PopoverView.m */ = {isa = PBXFileReference; fileEncoding = 4; lastKnownFileType = sourcecode.c.objc; path = PopoverView.m; sourceTree = "<group>"; };
		764D60101A8360B900B186A5 /* TicketQueryViewController.h */ = {isa = PBXFileReference; fileEncoding = 4; lastKnownFileType = sourcecode.c.h; path = TicketQueryViewController.h; sourceTree = "<group>"; };
		764D60111A8360B900B186A5 /* TicketQueryViewController.m */ = {isa = PBXFileReference; fileEncoding = 4; lastKnownFileType = sourcecode.c.objc; path = TicketQueryViewController.m; sourceTree = "<group>"; };
		764D60121A8360B900B186A5 /* TicketQueryViewController.xib */ = {isa = PBXFileReference; fileEncoding = 4; lastKnownFileType = file.xib; path = TicketQueryViewController.xib; sourceTree = "<group>"; };
		764D60171A836DD600B186A5 /* XTFileManager.h */ = {isa = PBXFileReference; fileEncoding = 4; lastKnownFileType = sourcecode.c.h; path = XTFileManager.h; sourceTree = "<group>"; };
		764D60181A836DD600B186A5 /* XTFileManager.m */ = {isa = PBXFileReference; fileEncoding = 4; lastKnownFileType = sourcecode.c.objc; path = XTFileManager.m; sourceTree = "<group>"; };
		767812661A806C3200CB4B08 /* RegViewController.h */ = {isa = PBXFileReference; fileEncoding = 4; lastKnownFileType = sourcecode.c.h; path = RegViewController.h; sourceTree = "<group>"; };
		767812671A806C3200CB4B08 /* RegViewController.m */ = {isa = PBXFileReference; fileEncoding = 4; lastKnownFileType = sourcecode.c.objc; path = RegViewController.m; sourceTree = "<group>"; };
		767812691A806C6000CB4B08 /* RegViewController.xib */ = {isa = PBXFileReference; fileEncoding = 4; lastKnownFileType = file.xib; path = RegViewController.xib; sourceTree = "<group>"; };
		7678126B1A80736600CB4B08 /* base_back@2x.png */ = {isa = PBXFileReference; lastKnownFileType = image.png; path = "base_back@2x.png"; sourceTree = "<group>"; };
		7678126E1A808F1D00CB4B08 /* AsyncHttpRequest.h */ = {isa = PBXFileReference; fileEncoding = 4; lastKnownFileType = sourcecode.c.h; path = AsyncHttpRequest.h; sourceTree = "<group>"; };
		7678126F1A808F1D00CB4B08 /* AsyncHttpRequest.m */ = {isa = PBXFileReference; fileEncoding = 4; lastKnownFileType = sourcecode.c.objc; path = AsyncHttpRequest.m; sourceTree = "<group>"; };
		767812701A808F1D00CB4B08 /* CSIHttpRequest.h */ = {isa = PBXFileReference; fileEncoding = 4; lastKnownFileType = sourcecode.c.h; path = CSIHttpRequest.h; sourceTree = "<group>"; };
		767812711A808F1D00CB4B08 /* CSIHttpRequest.m */ = {isa = PBXFileReference; fileEncoding = 4; lastKnownFileType = sourcecode.c.objc; path = CSIHttpRequest.m; sourceTree = "<group>"; };
		767812741A808F7300CB4B08 /* HttpPublic.h */ = {isa = PBXFileReference; fileEncoding = 4; lastKnownFileType = sourcecode.c.h; path = HttpPublic.h; sourceTree = "<group>"; };
		767812771A80939A00CB4B08 /* HttpService.h */ = {isa = PBXFileReference; fileEncoding = 4; lastKnownFileType = sourcecode.c.h; path = HttpService.h; sourceTree = "<group>"; };
		767812781A80939A00CB4B08 /* HttpService.m */ = {isa = PBXFileReference; fileEncoding = 4; lastKnownFileType = sourcecode.c.objc; path = HttpService.m; sourceTree = "<group>"; };
		7678127A1A8096FC00CB4B08 /* LostPsdViewController.h */ = {isa = PBXFileReference; fileEncoding = 4; lastKnownFileType = sourcecode.c.h; path = LostPsdViewController.h; sourceTree = "<group>"; };
		7678127B1A8096FC00CB4B08 /* LostPsdViewController.m */ = {isa = PBXFileReference; fileEncoding = 4; lastKnownFileType = sourcecode.c.objc; path = LostPsdViewController.m; sourceTree = "<group>"; };
		7678127C1A8096FC00CB4B08 /* LostPsdViewController.xib */ = {isa = PBXFileReference; fileEncoding = 4; lastKnownFileType = file.xib; path = LostPsdViewController.xib; sourceTree = "<group>"; };
		7678127F1A80981000CB4B08 /* SettingService.h */ = {isa = PBXFileReference; fileEncoding = 4; lastKnownFileType = sourcecode.c.h; path = SettingService.h; sourceTree = "<group>"; };
		767812801A80981000CB4B08 /* SettingService.m */ = {isa = PBXFileReference; fileEncoding = 4; lastKnownFileType = sourcecode.c.objc; path = SettingService.m; sourceTree = "<group>"; };
		767812881A809FE700CB4B08 /* IndexTabViewController.h */ = {isa = PBXFileReference; fileEncoding = 4; lastKnownFileType = sourcecode.c.h; path = IndexTabViewController.h; sourceTree = "<group>"; };
		767812891A809FE700CB4B08 /* IndexTabViewController.m */ = {isa = PBXFileReference; fileEncoding = 4; lastKnownFileType = sourcecode.c.objc; path = IndexTabViewController.m; sourceTree = "<group>"; };
		7678128A1A809FE700CB4B08 /* IndexTabViewController.xib */ = {isa = PBXFileReference; fileEncoding = 4; lastKnownFileType = file.xib; path = IndexTabViewController.xib; sourceTree = "<group>"; };
		7678128D1A80A00F00CB4B08 /* MessageTabViewController.h */ = {isa = PBXFileReference; fileEncoding = 4; lastKnownFileType = sourcecode.c.h; path = MessageTabViewController.h; sourceTree = "<group>"; };
		7678128E1A80A00F00CB4B08 /* MessageTabViewController.m */ = {isa = PBXFileReference; fileEncoding = 4; lastKnownFileType = sourcecode.c.objc; path = MessageTabViewController.m; sourceTree = "<group>"; };
		7678128F1A80A00F00CB4B08 /* MessageTabViewController.xib */ = {isa = PBXFileReference; fileEncoding = 4; lastKnownFileType = file.xib; path = MessageTabViewController.xib; sourceTree = "<group>"; };
		767812921A80A02D00CB4B08 /* ServiceTabViewController.h */ = {isa = PBXFileReference; fileEncoding = 4; lastKnownFileType = sourcecode.c.h; path = ServiceTabViewController.h; sourceTree = "<group>"; };
		767812931A80A02D00CB4B08 /* ServiceTabViewController.m */ = {isa = PBXFileReference; fileEncoding = 4; lastKnownFileType = sourcecode.c.objc; path = ServiceTabViewController.m; sourceTree = "<group>"; };
		767812941A80A02D00CB4B08 /* ServiceTabViewController.xib */ = {isa = PBXFileReference; fileEncoding = 4; lastKnownFileType = file.xib; path = ServiceTabViewController.xib; sourceTree = "<group>"; };
		767812971A80A04600CB4B08 /* MoreTabViewController.h */ = {isa = PBXFileReference; fileEncoding = 4; lastKnownFileType = sourcecode.c.h; path = MoreTabViewController.h; sourceTree = "<group>"; };
		767812981A80A04600CB4B08 /* MoreTabViewController.m */ = {isa = PBXFileReference; fileEncoding = 4; lastKnownFileType = sourcecode.c.objc; path = MoreTabViewController.m; sourceTree = "<group>"; };
		767812991A80A04600CB4B08 /* MoreTabViewController.xib */ = {isa = PBXFileReference; fileEncoding = 4; lastKnownFileType = file.xib; path = MoreTabViewController.xib; sourceTree = "<group>"; };
		7678129D1A80A71500CB4B08 /* tab_bar_1@2x.png */ = {isa = PBXFileReference; lastKnownFileType = image.png; path = "tab_bar_1@2x.png"; sourceTree = "<group>"; };
		7678129E1A80A71500CB4B08 /* tab_bar_1_selected@2x.png */ = {isa = PBXFileReference; lastKnownFileType = image.png; path = "tab_bar_1_selected@2x.png"; sourceTree = "<group>"; };
		767812BB1A80BCC700CB4B08 /* GCDAsyncSocket.h */ = {isa = PBXFileReference; fileEncoding = 4; lastKnownFileType = sourcecode.c.h; path = GCDAsyncSocket.h; sourceTree = "<group>"; };
		767812BC1A80BCC700CB4B08 /* GCDAsyncSocket.m */ = {isa = PBXFileReference; fileEncoding = 4; lastKnownFileType = sourcecode.c.objc; path = GCDAsyncSocket.m; sourceTree = "<group>"; };
		767812BF1A80BCD100CB4B08 /* UcmDispatchCenter.h */ = {isa = PBXFileReference; fileEncoding = 4; lastKnownFileType = sourcecode.c.h; path = UcmDispatchCenter.h; sourceTree = "<group>"; };
		767812C01A80BCD100CB4B08 /* UcmDispatchCenter.m */ = {isa = PBXFileReference; fileEncoding = 4; lastKnownFileType = sourcecode.c.objc; path = UcmDispatchCenter.m; sourceTree = "<group>"; };
		767812C21A80BD6900CB4B08 /* UcmDefine.h */ = {isa = PBXFileReference; fileEncoding = 4; lastKnownFileType = sourcecode.c.h; path = UcmDefine.h; sourceTree = "<group>"; };
		767812C51A80BDED00CB4B08 /* UcmHandleDataCenter.h */ = {isa = PBXFileReference; fileEncoding = 4; lastKnownFileType = sourcecode.c.h; path = UcmHandleDataCenter.h; sourceTree = "<group>"; };
		767812C61A80BDED00CB4B08 /* UcmHandleDataCenter.m */ = {isa = PBXFileReference; fileEncoding = 4; lastKnownFileType = sourcecode.c.objc; path = UcmHandleDataCenter.m; sourceTree = "<group>"; };
		767812CC1A81F9FC00CB4B08 /* 1-1.jpg */ = {isa = PBXFileReference; lastKnownFileType = image.jpeg; path = "1-1.jpg"; sourceTree = "<group>"; };
		767812CD1A81F9FC00CB4B08 /* 1-2.jpg */ = {isa = PBXFileReference; lastKnownFileType = image.jpeg; path = "1-2.jpg"; sourceTree = "<group>"; };
		767812CE1A81F9FC00CB4B08 /* 1-3.jpg */ = {isa = PBXFileReference; lastKnownFileType = image.jpeg; path = "1-3.jpg"; sourceTree = "<group>"; };
		767812CF1A81F9FC00CB4B08 /* 1-4.jpg */ = {isa = PBXFileReference; lastKnownFileType = image.jpeg; path = "1-4.jpg"; sourceTree = "<group>"; };
		767812DC1A830B0700CB4B08 /* PosterCollectionViewCell.h */ = {isa = PBXFileReference; fileEncoding = 4; lastKnownFileType = sourcecode.c.h; path = PosterCollectionViewCell.h; sourceTree = "<group>"; };
		767812DD1A830B0700CB4B08 /* PosterCollectionViewCell.m */ = {isa = PBXFileReference; fileEncoding = 4; lastKnownFileType = sourcecode.c.objc; path = PosterCollectionViewCell.m; sourceTree = "<group>"; };
		767812DE1A830B0700CB4B08 /* PosterCollectionViewCell.xib */ = {isa = PBXFileReference; fileEncoding = 4; lastKnownFileType = file.xib; path = PosterCollectionViewCell.xib; sourceTree = "<group>"; };
		767812E71A83326F00CB4B08 /* MoreTableViewHeaderView.h */ = {isa = PBXFileReference; fileEncoding = 4; lastKnownFileType = sourcecode.c.h; path = MoreTableViewHeaderView.h; sourceTree = "<group>"; };
		767812E81A83326F00CB4B08 /* MoreTableViewHeaderView.m */ = {isa = PBXFileReference; fileEncoding = 4; lastKnownFileType = sourcecode.c.objc; path = MoreTableViewHeaderView.m; sourceTree = "<group>"; };
		767812EA1A83328500CB4B08 /* MoreTableViewHeaderView.xib */ = {isa = PBXFileReference; fileEncoding = 4; lastKnownFileType = file.xib; path = MoreTableViewHeaderView.xib; sourceTree = "<group>"; };
		ED2586DB1A7D14A1008EB344 /* Xtisk.app */ = {isa = PBXFileReference; explicitFileType = wrapper.application; includeInIndex = 0; path = Xtisk.app; sourceTree = BUILT_PRODUCTS_DIR; };
		ED2586DF1A7D14A1008EB344 /* Info.plist */ = {isa = PBXFileReference; lastKnownFileType = text.plist.xml; path = Info.plist; sourceTree = "<group>"; };
		ED2586E01A7D14A1008EB344 /* main.m */ = {isa = PBXFileReference; lastKnownFileType = sourcecode.c.objc; path = main.m; sourceTree = "<group>"; };
		ED2586E21A7D14A1008EB344 /* AppDelegate.h */ = {isa = PBXFileReference; lastKnownFileType = sourcecode.c.h; path = AppDelegate.h; sourceTree = "<group>"; };
		ED2586E31A7D14A1008EB344 /* AppDelegate.m */ = {isa = PBXFileReference; lastKnownFileType = sourcecode.c.objc; path = AppDelegate.m; sourceTree = "<group>"; };
		ED2586E51A7D14A1008EB344 /* ViewController.h */ = {isa = PBXFileReference; lastKnownFileType = sourcecode.c.h; path = ViewController.h; sourceTree = "<group>"; };
		ED2586E61A7D14A1008EB344 /* ViewController.m */ = {isa = PBXFileReference; lastKnownFileType = sourcecode.c.objc; path = ViewController.m; sourceTree = "<group>"; };
		ED2586E91A7D14A1008EB344 /* Base */ = {isa = PBXFileReference; lastKnownFileType = file.storyboard; name = Base; path = Base.lproj/Main.storyboard; sourceTree = "<group>"; };
		ED2586EB1A7D14A1008EB344 /* Images.xcassets */ = {isa = PBXFileReference; lastKnownFileType = folder.assetcatalog; path = Images.xcassets; sourceTree = "<group>"; };
		ED2586EE1A7D14A1008EB344 /* Base */ = {isa = PBXFileReference; lastKnownFileType = file.xib; name = Base; path = Base.lproj/LaunchScreen.xib; sourceTree = "<group>"; };
		ED2586F41A7D14A1008EB344 /* XtiskTests.xctest */ = {isa = PBXFileReference; explicitFileType = wrapper.cfbundle; includeInIndex = 0; path = XtiskTests.xctest; sourceTree = BUILT_PRODUCTS_DIR; };
		ED2586F91A7D14A1008EB344 /* Info.plist */ = {isa = PBXFileReference; lastKnownFileType = text.plist.xml; path = Info.plist; sourceTree = "<group>"; };
		ED2586FA1A7D14A1008EB344 /* XtiskTests.m */ = {isa = PBXFileReference; lastKnownFileType = sourcecode.c.objc; path = XtiskTests.m; sourceTree = "<group>"; };
		ED25870D1A7D1686008EB344 /* Util.h */ = {isa = PBXFileReference; fileEncoding = 4; lastKnownFileType = sourcecode.c.h; path = Util.h; sourceTree = "<group>"; };
		ED25870E1A7D1686008EB344 /* Util.m */ = {isa = PBXFileReference; fileEncoding = 4; lastKnownFileType = sourcecode.c.objc; path = Util.m; sourceTree = "<group>"; };
		ED2587101A7D1857008EB344 /* GDataXMLNode.h */ = {isa = PBXFileReference; fileEncoding = 4; lastKnownFileType = sourcecode.c.h; path = GDataXMLNode.h; sourceTree = "<group>"; };
		ED2587111A7D1857008EB344 /* GDataXMLNode.m */ = {isa = PBXFileReference; fileEncoding = 4; lastKnownFileType = sourcecode.c.objc; path = GDataXMLNode.m; sourceTree = "<group>"; };
		ED2587121A7D1857008EB344 /* NSDate+utils.h */ = {isa = PBXFileReference; fileEncoding = 4; lastKnownFileType = sourcecode.c.h; path = "NSDate+utils.h"; sourceTree = "<group>"; };
		ED2587131A7D1857008EB344 /* NSDate+utils.m */ = {isa = PBXFileReference; fileEncoding = 4; lastKnownFileType = sourcecode.c.objc; path = "NSDate+utils.m"; sourceTree = "<group>"; };
		ED2587141A7D1857008EB344 /* NSObject+Queue.h */ = {isa = PBXFileReference; fileEncoding = 4; lastKnownFileType = sourcecode.c.h; path = "NSObject+Queue.h"; sourceTree = "<group>"; };
		ED2587151A7D1857008EB344 /* NSObject+Queue.m */ = {isa = PBXFileReference; fileEncoding = 4; lastKnownFileType = sourcecode.c.objc; path = "NSObject+Queue.m"; sourceTree = "<group>"; };
		ED2587161A7D1857008EB344 /* PublicDefine.h */ = {isa = PBXFileReference; fileEncoding = 4; lastKnownFileType = sourcecode.c.h; path = PublicDefine.h; sourceTree = "<group>"; };
		ED25871B1A7D185D008EB344 /* GTMBase64.h */ = {isa = PBXFileReference; fileEncoding = 4; lastKnownFileType = sourcecode.c.h; path = GTMBase64.h; sourceTree = "<group>"; };
		ED25871C1A7D185D008EB344 /* GTMBase64.mm */ = {isa = PBXFileReference; fileEncoding = 4; lastKnownFileType = sourcecode.cpp.objcpp; path = GTMBase64.mm; sourceTree = "<group>"; };
		ED25871D1A7D185D008EB344 /* GTMDefines.h */ = {isa = PBXFileReference; fileEncoding = 4; lastKnownFileType = sourcecode.c.h; path = GTMDefines.h; sourceTree = "<group>"; };
		ED25871E1A7D185D008EB344 /* NSData+AES256.h */ = {isa = PBXFileReference; fileEncoding = 4; lastKnownFileType = sourcecode.c.h; path = "NSData+AES256.h"; sourceTree = "<group>"; };
		ED25871F1A7D185D008EB344 /* NSData+AES256.m */ = {isa = PBXFileReference; fileEncoding = 4; lastKnownFileType = sourcecode.c.objc; path = "NSData+AES256.m"; sourceTree = "<group>"; };
		ED2587201A7D185D008EB344 /* NSData+Base64.h */ = {isa = PBXFileReference; fileEncoding = 4; lastKnownFileType = sourcecode.c.h; path = "NSData+Base64.h"; sourceTree = "<group>"; };
		ED2587211A7D185D008EB344 /* NSData+Base64.mm */ = {isa = PBXFileReference; fileEncoding = 4; lastKnownFileType = sourcecode.cpp.objcpp; path = "NSData+Base64.mm"; sourceTree = "<group>"; };
		ED2587381A7D1893008EB344 /* libxml2.dylib */ = {isa = PBXFileReference; lastKnownFileType = "compiled.mach-o.dylib"; name = libxml2.dylib; path = usr/lib/libxml2.dylib; sourceTree = SDKROOT; };
		ED25873B1A7D1B4A008EB344 /* FMDatabase.h */ = {isa = PBXFileReference; fileEncoding = 4; lastKnownFileType = sourcecode.c.h; path = FMDatabase.h; sourceTree = "<group>"; };
		ED25873C1A7D1B4A008EB344 /* FMDatabase.m */ = {isa = PBXFileReference; fileEncoding = 4; lastKnownFileType = sourcecode.c.objc; path = FMDatabase.m; sourceTree = "<group>"; };
		ED25873D1A7D1B4A008EB344 /* FMDatabaseAdditions.h */ = {isa = PBXFileReference; fileEncoding = 4; lastKnownFileType = sourcecode.c.h; path = FMDatabaseAdditions.h; sourceTree = "<group>"; };
		ED25873E1A7D1B4A008EB344 /* FMDatabaseAdditions.m */ = {isa = PBXFileReference; fileEncoding = 4; lastKnownFileType = sourcecode.c.objc; path = FMDatabaseAdditions.m; sourceTree = "<group>"; };
		ED25873F1A7D1B4A008EB344 /* FMDatabasePool.h */ = {isa = PBXFileReference; fileEncoding = 4; lastKnownFileType = sourcecode.c.h; path = FMDatabasePool.h; sourceTree = "<group>"; };
		ED2587401A7D1B4A008EB344 /* FMDatabasePool.m */ = {isa = PBXFileReference; fileEncoding = 4; lastKnownFileType = sourcecode.c.objc; path = FMDatabasePool.m; sourceTree = "<group>"; };
		ED2587411A7D1B4A008EB344 /* FMDatabaseQueue.h */ = {isa = PBXFileReference; fileEncoding = 4; lastKnownFileType = sourcecode.c.h; path = FMDatabaseQueue.h; sourceTree = "<group>"; };
		ED2587421A7D1B4A008EB344 /* FMDatabaseQueue.m */ = {isa = PBXFileReference; fileEncoding = 4; lastKnownFileType = sourcecode.c.objc; path = FMDatabaseQueue.m; sourceTree = "<group>"; };
		ED2587431A7D1B4A008EB344 /* FMDB.h */ = {isa = PBXFileReference; fileEncoding = 4; lastKnownFileType = sourcecode.c.h; path = FMDB.h; sourceTree = "<group>"; };
		ED2587441A7D1B4A008EB344 /* FMResultSet.h */ = {isa = PBXFileReference; fileEncoding = 4; lastKnownFileType = sourcecode.c.h; path = FMResultSet.h; sourceTree = "<group>"; };
		ED2587451A7D1B4A008EB344 /* FMResultSet.m */ = {isa = PBXFileReference; fileEncoding = 4; lastKnownFileType = sourcecode.c.objc; path = FMResultSet.m; sourceTree = "<group>"; };
		ED25874B1A7D1B95008EB344 /* libsqlite3.0.dylib */ = {isa = PBXFileReference; lastKnownFileType = "compiled.mach-o.dylib"; name = libsqlite3.0.dylib; path = usr/lib/libsqlite3.0.dylib; sourceTree = SDKROOT; };
		ED25874D1A7D1C34008EB344 /* DBManager.h */ = {isa = PBXFileReference; fileEncoding = 4; lastKnownFileType = sourcecode.c.h; path = DBManager.h; sourceTree = "<group>"; };
		ED25874E1A7D1C34008EB344 /* DBManager.m */ = {isa = PBXFileReference; fileEncoding = 4; lastKnownFileType = sourcecode.c.objc; path = DBManager.m; sourceTree = "<group>"; };
		ED2587531A7FA9D8008EB344 /* LoginViewController.h */ = {isa = PBXFileReference; fileEncoding = 4; lastKnownFileType = sourcecode.c.h; path = LoginViewController.h; sourceTree = "<group>"; };
		ED2587541A7FA9D8008EB344 /* LoginViewController.m */ = {isa = PBXFileReference; fileEncoding = 4; lastKnownFileType = sourcecode.c.objc; path = LoginViewController.m; sourceTree = "<group>"; };
		ED2587561A7FAA0C008EB344 /* ExtendsView.h */ = {isa = PBXFileReference; fileEncoding = 4; lastKnownFileType = sourcecode.c.h; path = ExtendsView.h; sourceTree = "<group>"; };
		ED2587571A7FAA0C008EB344 /* ExtendsView.m */ = {isa = PBXFileReference; fileEncoding = 4; lastKnownFileType = sourcecode.c.objc; path = ExtendsView.m; sourceTree = "<group>"; };
		ED2587581A7FAA0C008EB344 /* LevelTwoViewController.h */ = {isa = PBXFileReference; fileEncoding = 4; lastKnownFileType = sourcecode.c.h; path = LevelTwoViewController.h; sourceTree = "<group>"; };
		ED2587591A7FAA0C008EB344 /* LevelTwoViewController.m */ = {isa = PBXFileReference; fileEncoding = 4; lastKnownFileType = sourcecode.c.objc; path = LevelTwoViewController.m; sourceTree = "<group>"; };
		ED25875C1A7FAA2C008EB344 /* Person.h */ = {isa = PBXFileReference; fileEncoding = 4; lastKnownFileType = sourcecode.c.h; path = Person.h; sourceTree = "<group>"; };
		ED25875D1A7FAA2C008EB344 /* Person.m */ = {isa = PBXFileReference; fileEncoding = 4; lastKnownFileType = sourcecode.c.objc; path = Person.m; sourceTree = "<group>"; };
		ED2587611A7FABF7008EB344 /* login_expend.png */ = {isa = PBXFileReference; lastKnownFileType = image.png; path = login_expend.png; sourceTree = "<group>"; };
		ED2587631A7FB1DA008EB344 /* ColorTools.h */ = {isa = PBXFileReference; fileEncoding = 4; lastKnownFileType = sourcecode.c.h; path = ColorTools.h; sourceTree = "<group>"; };
		ED2587641A7FB1DA008EB344 /* ColorTools.m */ = {isa = PBXFileReference; fileEncoding = 4; lastKnownFileType = sourcecode.c.objc; path = ColorTools.m; sourceTree = "<group>"; };
		ED2587671A80F961008EB344 /* SVProgressHUD.bundle */ = {isa = PBXFileReference; lastKnownFileType = "wrapper.plug-in"; path = SVProgressHUD.bundle; sourceTree = "<group>"; };
		ED2587681A80F961008EB344 /* SVProgressHUD.h */ = {isa = PBXFileReference; fileEncoding = 4; lastKnownFileType = sourcecode.c.h; path = SVProgressHUD.h; sourceTree = "<group>"; };
		ED2587691A80F961008EB344 /* SVProgressHUD.m */ = {isa = PBXFileReference; fileEncoding = 4; lastKnownFileType = sourcecode.c.objc; path = SVProgressHUD.m; sourceTree = "<group>"; };
		ED25876D1A824088008EB344 /* CirculaScrollView.h */ = {isa = PBXFileReference; fileEncoding = 4; lastKnownFileType = sourcecode.c.h; path = CirculaScrollView.h; sourceTree = "<group>"; };
		ED25876E1A824088008EB344 /* CirculaScrollView.m */ = {isa = PBXFileReference; fileEncoding = 4; lastKnownFileType = sourcecode.c.objc; path = CirculaScrollView.m; sourceTree = "<group>"; };
		ED2587701A8240BB008EB344 /* GridMainView.h */ = {isa = PBXFileReference; fileEncoding = 4; lastKnownFileType = sourcecode.c.h; path = GridMainView.h; sourceTree = "<group>"; };
		ED2587711A8240BB008EB344 /* GridMainView.m */ = {isa = PBXFileReference; fileEncoding = 4; lastKnownFileType = sourcecode.c.objc; path = GridMainView.m; sourceTree = "<group>"; };
/* End PBXFileReference section */

/* Begin PBXFrameworksBuildPhase section */
		ED2586D81A7D14A1008EB344 /* Frameworks */ = {
			isa = PBXFrameworksBuildPhase;
			buildActionMask = 2147483647;
			files = (
				ED25874C1A7D1B95008EB344 /* libsqlite3.0.dylib in Frameworks */,
				ED2587391A7D1893008EB344 /* libxml2.dylib in Frameworks */,
			);
			runOnlyForDeploymentPostprocessing = 0;
		};
		ED2586F11A7D14A1008EB344 /* Frameworks */ = {
			isa = PBXFrameworksBuildPhase;
			buildActionMask = 2147483647;
			files = (
			);
			runOnlyForDeploymentPostprocessing = 0;
		};
/* End PBXFrameworksBuildPhase section */

/* Begin PBXGroup section */
		764D5FF41A83345F00B186A5 /* base */ = {
			isa = PBXGroup;
			children = (
				764D5FF51A83345F00B186A5 /* CustomNavigationController.h */,
				764D5FF61A83345F00B186A5 /* CustomNavigationController.m */,
				764D5FF71A83345F00B186A5 /* MainTabBarViewController.h */,
				764D5FF81A83345F00B186A5 /* MainTabBarViewController.m */,
				764D5FF91A83345F00B186A5 /* SecondaryViewController.h */,
				764D5FFA1A83345F00B186A5 /* SecondaryViewController.m */,
			);
			path = base;
			sourceTree = "<group>";
		};
		764D5FFE1A83347C00B186A5 /* base */ = {
			isa = PBXGroup;
			children = (
				764D600D1A835F1F00B186A5 /* PopoverView.h */,
				764D600E1A835F1F00B186A5 /* PopoverView.m */,
				764D5FFF1A83349C00B186A5 /* CTLCustom.h */,
				764D60001A83349C00B186A5 /* CTLCustom.m */,
			);
			path = base;
			sourceTree = "<group>";
		};
		764D60021A833C5C00B186A5 /* login */ = {
			isa = PBXGroup;
			children = (
			);
			path = login;
			sourceTree = "<group>";
		};
		764D60031A833C5C00B186A5 /* message */ = {
			isa = PBXGroup;
			children = (
			);
			path = message;
			sourceTree = "<group>";
		};
		764D60041A833C5C00B186A5 /* service */ = {
			isa = PBXGroup;
			children = (
				764D60051A8343C400B186A5 /* ServiceItemCell.h */,
				764D60061A8343C400B186A5 /* ServiceItemCell.m */,
				764D60071A8343C400B186A5 /* ServiceItemCell.xib */,
				764D600A1A83441500B186A5 /* ServiceMainView.h */,
				764D600B1A83441500B186A5 /* ServiceMainView.m */,
			);
			path = service;
			sourceTree = "<group>";
		};
		7678126D1A808F1D00CB4B08 /* CSIHttp */ = {
			isa = PBXGroup;
			children = (
				767812741A808F7300CB4B08 /* HttpPublic.h */,
				7678126E1A808F1D00CB4B08 /* AsyncHttpRequest.h */,
				7678126F1A808F1D00CB4B08 /* AsyncHttpRequest.m */,
				767812701A808F1D00CB4B08 /* CSIHttpRequest.h */,
				767812711A808F1D00CB4B08 /* CSIHttpRequest.m */,
			);
			path = CSIHttp;
			sourceTree = "<group>";
		};
		767812751A80933500CB4B08 /* service */ = {
			isa = PBXGroup;
			children = (
				767812BE1A80BCD100CB4B08 /* ucm */,
				767812761A80933500CB4B08 /* model */,
				767812771A80939A00CB4B08 /* HttpService.h */,
				767812781A80939A00CB4B08 /* HttpService.m */,
				7678127F1A80981000CB4B08 /* SettingService.h */,
				767812801A80981000CB4B08 /* SettingService.m */,
			);
			path = service;
			sourceTree = "<group>";
		};
		767812761A80933500CB4B08 /* model */ = {
			isa = PBXGroup;
			children = (
			);
			path = model;
			sourceTree = "<group>";
		};
		767812841A809FB100CB4B08 /* index */ = {
			isa = PBXGroup;
			children = (
				767812881A809FE700CB4B08 /* IndexTabViewController.h */,
				767812891A809FE700CB4B08 /* IndexTabViewController.m */,
				7678128A1A809FE700CB4B08 /* IndexTabViewController.xib */,
			);
			path = index;
			sourceTree = "<group>";
		};
		767812851A809FB100CB4B08 /* message */ = {
			isa = PBXGroup;
			children = (
				7678128D1A80A00F00CB4B08 /* MessageTabViewController.h */,
				7678128E1A80A00F00CB4B08 /* MessageTabViewController.m */,
				7678128F1A80A00F00CB4B08 /* MessageTabViewController.xib */,
			);
			path = message;
			sourceTree = "<group>";
		};
		767812861A809FB100CB4B08 /* more */ = {
			isa = PBXGroup;
			children = (
				767812971A80A04600CB4B08 /* MoreTabViewController.h */,
				767812981A80A04600CB4B08 /* MoreTabViewController.m */,
				767812991A80A04600CB4B08 /* MoreTabViewController.xib */,
			);
			path = more;
			sourceTree = "<group>";
		};
		767812871A809FB100CB4B08 /* service */ = {
			isa = PBXGroup;
			children = (
				767812921A80A02D00CB4B08 /* ServiceTabViewController.h */,
				767812931A80A02D00CB4B08 /* ServiceTabViewController.m */,
				767812941A80A02D00CB4B08 /* ServiceTabViewController.xib */,
				764D60101A8360B900B186A5 /* TicketQueryViewController.h */,
				764D60111A8360B900B186A5 /* TicketQueryViewController.m */,
				764D60121A8360B900B186A5 /* TicketQueryViewController.xib */,
			);
			path = service;
			sourceTree = "<group>";
		};
		7678129C1A80A71500CB4B08 /* tabbar */ = {
			isa = PBXGroup;
			children = (
				7678129D1A80A71500CB4B08 /* tab_bar_1@2x.png */,
				7678129E1A80A71500CB4B08 /* tab_bar_1_selected@2x.png */,
			);
			path = tabbar;
			sourceTree = "<group>";
		};
		767812BA1A80BCC700CB4B08 /* socket */ = {
			isa = PBXGroup;
			children = (
				767812BB1A80BCC700CB4B08 /* GCDAsyncSocket.h */,
				767812BC1A80BCC700CB4B08 /* GCDAsyncSocket.m */,
			);
			path = socket;
			sourceTree = "<group>";
		};
		767812BE1A80BCD100CB4B08 /* ucm */ = {
			isa = PBXGroup;
			children = (
				767812BF1A80BCD100CB4B08 /* UcmDispatchCenter.h */,
				767812C01A80BCD100CB4B08 /* UcmDispatchCenter.m */,
				767812C21A80BD6900CB4B08 /* UcmDefine.h */,
				767812C51A80BDED00CB4B08 /* UcmHandleDataCenter.h */,
				767812C61A80BDED00CB4B08 /* UcmHandleDataCenter.m */,
			);
			path = ucm;
			sourceTree = "<group>";
		};
		767812C81A81F9E000CB4B08 /* view */ = {
			isa = PBXGroup;
			children = (
				764D60021A833C5C00B186A5 /* login */,
				764D60031A833C5C00B186A5 /* message */,
				764D60041A833C5C00B186A5 /* service */,
				764D5FFE1A83347C00B186A5 /* base */,
				767812E61A83323500CB4B08 /* more */,
				ED25876C1A824088008EB344 /* index */,
			);
			path = view;
			sourceTree = "<group>";
		};
		767812E61A83323500CB4B08 /* more */ = {
			isa = PBXGroup;
			children = (
				767812E71A83326F00CB4B08 /* MoreTableViewHeaderView.h */,
				767812E81A83326F00CB4B08 /* MoreTableViewHeaderView.m */,
				767812EA1A83328500CB4B08 /* MoreTableViewHeaderView.xib */,
			);
			path = more;
			sourceTree = "<group>";
		};
		ED2586D21A7D14A1008EB344 = {
			isa = PBXGroup;
			children = (
				ED25874B1A7D1B95008EB344 /* libsqlite3.0.dylib */,
				ED2587381A7D1893008EB344 /* libxml2.dylib */,
				ED2586DD1A7D14A1008EB344 /* Xtisk */,
				ED2586F71A7D14A1008EB344 /* XtiskTests */,
				ED2586DC1A7D14A1008EB344 /* Products */,
			);
			sourceTree = "<group>";
		};
		ED2586DC1A7D14A1008EB344 /* Products */ = {
			isa = PBXGroup;
			children = (
				ED2586DB1A7D14A1008EB344 /* Xtisk.app */,
				ED2586F41A7D14A1008EB344 /* XtiskTests.xctest */,
			);
			name = Products;
			sourceTree = "<group>";
		};
		ED2586DD1A7D14A1008EB344 /* Xtisk */ = {
			isa = PBXGroup;
			children = (
				ED25875F1A7FABF7008EB344 /* res */,
				ED2587041A7D15C9008EB344 /* class */,
				ED2586E21A7D14A1008EB344 /* AppDelegate.h */,
				ED2586E31A7D14A1008EB344 /* AppDelegate.m */,
				ED2586E51A7D14A1008EB344 /* ViewController.h */,
				ED2586E61A7D14A1008EB344 /* ViewController.m */,
				ED2586E81A7D14A1008EB344 /* Main.storyboard */,
				ED2586EB1A7D14A1008EB344 /* Images.xcassets */,
				ED2586ED1A7D14A1008EB344 /* LaunchScreen.xib */,
				ED2586DE1A7D14A1008EB344 /* Supporting Files */,
			);
			path = Xtisk;
			sourceTree = "<group>";
		};
		ED2586DE1A7D14A1008EB344 /* Supporting Files */ = {
			isa = PBXGroup;
			children = (
				ED2586DF1A7D14A1008EB344 /* Info.plist */,
				ED2586E01A7D14A1008EB344 /* main.m */,
			);
			name = "Supporting Files";
			sourceTree = "<group>";
		};
		ED2586F71A7D14A1008EB344 /* XtiskTests */ = {
			isa = PBXGroup;
			children = (
				ED2586FA1A7D14A1008EB344 /* XtiskTests.m */,
				ED2586F81A7D14A1008EB344 /* Supporting Files */,
			);
			path = XtiskTests;
			sourceTree = "<group>";
		};
		ED2586F81A7D14A1008EB344 /* Supporting Files */ = {
			isa = PBXGroup;
			children = (
				ED2586F91A7D14A1008EB344 /* Info.plist */,
			);
			name = "Supporting Files";
			sourceTree = "<group>";
		};
		ED2587041A7D15C9008EB344 /* class */ = {
			isa = PBXGroup;
			children = (
				767812751A80933500CB4B08 /* service */,
				767812C81A81F9E000CB4B08 /* view */,
				ED2587511A7FA98C008EB344 /* viewcontroller */,
				ED25870C1A7D166D008EB344 /* Util */,
			);
			path = class;
			sourceTree = "<group>";
		};
		ED25870C1A7D166D008EB344 /* Util */ = {
			isa = PBXGroup;
			children = (
				ED2587661A80F961008EB344 /* SVProgressHUD */,
				767812BA1A80BCC700CB4B08 /* socket */,
				7678126D1A808F1D00CB4B08 /* CSIHttp */,
				ED2587631A7FB1DA008EB344 /* ColorTools.h */,
				ED2587641A7FB1DA008EB344 /* ColorTools.m */,
				ED25874D1A7D1C34008EB344 /* DBManager.h */,
				ED25874E1A7D1C34008EB344 /* DBManager.m */,
				ED25873A1A7D1B4A008EB344 /* fmdb */,
				ED25871A1A7D185D008EB344 /* Encrypt */,
				ED2587101A7D1857008EB344 /* GDataXMLNode.h */,
				ED2587111A7D1857008EB344 /* GDataXMLNode.m */,
				ED2587121A7D1857008EB344 /* NSDate+utils.h */,
				ED2587131A7D1857008EB344 /* NSDate+utils.m */,
				ED2587141A7D1857008EB344 /* NSObject+Queue.h */,
				ED2587151A7D1857008EB344 /* NSObject+Queue.m */,
				ED2587161A7D1857008EB344 /* PublicDefine.h */,
				ED25870D1A7D1686008EB344 /* Util.h */,
				ED25870E1A7D1686008EB344 /* Util.m */,
				764D60171A836DD600B186A5 /* XTFileManager.h */,
				764D60181A836DD600B186A5 /* XTFileManager.m */,
			);
			path = Util;
			sourceTree = "<group>";
		};
		ED25871A1A7D185D008EB344 /* Encrypt */ = {
			isa = PBXGroup;
			children = (
				ED25871B1A7D185D008EB344 /* GTMBase64.h */,
				ED25871C1A7D185D008EB344 /* GTMBase64.mm */,
				ED25871D1A7D185D008EB344 /* GTMDefines.h */,
				ED25871E1A7D185D008EB344 /* NSData+AES256.h */,
				ED25871F1A7D185D008EB344 /* NSData+AES256.m */,
				ED2587201A7D185D008EB344 /* NSData+Base64.h */,
				ED2587211A7D185D008EB344 /* NSData+Base64.mm */,
			);
			path = Encrypt;
			sourceTree = "<group>";
		};
		ED25873A1A7D1B4A008EB344 /* fmdb */ = {
			isa = PBXGroup;
			children = (
				ED25873B1A7D1B4A008EB344 /* FMDatabase.h */,
				ED25873C1A7D1B4A008EB344 /* FMDatabase.m */,
				ED25873D1A7D1B4A008EB344 /* FMDatabaseAdditions.h */,
				ED25873E1A7D1B4A008EB344 /* FMDatabaseAdditions.m */,
				ED25873F1A7D1B4A008EB344 /* FMDatabasePool.h */,
				ED2587401A7D1B4A008EB344 /* FMDatabasePool.m */,
				ED2587411A7D1B4A008EB344 /* FMDatabaseQueue.h */,
				ED2587421A7D1B4A008EB344 /* FMDatabaseQueue.m */,
				ED2587431A7D1B4A008EB344 /* FMDB.h */,
				ED2587441A7D1B4A008EB344 /* FMResultSet.h */,
				ED2587451A7D1B4A008EB344 /* FMResultSet.m */,
			);
			path = fmdb;
			sourceTree = "<group>";
		};
		ED2587511A7FA98C008EB344 /* viewcontroller */ = {
			isa = PBXGroup;
			children = (
				764D5FF41A83345F00B186A5 /* base */,
				767812841A809FB100CB4B08 /* index */,
				767812851A809FB100CB4B08 /* message */,
				767812861A809FB100CB4B08 /* more */,
				767812871A809FB100CB4B08 /* service */,
				ED2587521A7FA98C008EB344 /* login */,
			);
			path = viewcontroller;
			sourceTree = "<group>";
		};
		ED2587521A7FA98C008EB344 /* login */ = {
			isa = PBXGroup;
			children = (
				ED25875C1A7FAA2C008EB344 /* Person.h */,
				ED25875D1A7FAA2C008EB344 /* Person.m */,
				ED2587561A7FAA0C008EB344 /* ExtendsView.h */,
				ED2587571A7FAA0C008EB344 /* ExtendsView.m */,
				ED2587581A7FAA0C008EB344 /* LevelTwoViewController.h */,
				ED2587591A7FAA0C008EB344 /* LevelTwoViewController.m */,
				ED2587531A7FA9D8008EB344 /* LoginViewController.h */,
				ED2587541A7FA9D8008EB344 /* LoginViewController.m */,
				767812661A806C3200CB4B08 /* RegViewController.h */,
				767812671A806C3200CB4B08 /* RegViewController.m */,
				767812691A806C6000CB4B08 /* RegViewController.xib */,
				7678127A1A8096FC00CB4B08 /* LostPsdViewController.h */,
				7678127B1A8096FC00CB4B08 /* LostPsdViewController.m */,
				7678127C1A8096FC00CB4B08 /* LostPsdViewController.xib */,
			);
			path = login;
			sourceTree = "<group>";
		};
		ED25875F1A7FABF7008EB344 /* res */ = {
			isa = PBXGroup;
			children = (
				ED2587601A7FABF7008EB344 /* img */,
			);
			path = res;
			sourceTree = "<group>";
		};
		ED2587601A7FABF7008EB344 /* img */ = {
			isa = PBXGroup;
			children = (
				767812CC1A81F9FC00CB4B08 /* 1-1.jpg */,
				767812CD1A81F9FC00CB4B08 /* 1-2.jpg */,
				767812CE1A81F9FC00CB4B08 /* 1-3.jpg */,
				767812CF1A81F9FC00CB4B08 /* 1-4.jpg */,
				7678129C1A80A71500CB4B08 /* tabbar */,
				7678126B1A80736600CB4B08 /* base_back@2x.png */,
				ED2587611A7FABF7008EB344 /* login_expend.png */,
			);
			path = img;
			sourceTree = "<group>";
		};
		ED2587661A80F961008EB344 /* SVProgressHUD */ = {
			isa = PBXGroup;
			children = (
				ED2587671A80F961008EB344 /* SVProgressHUD.bundle */,
				ED2587681A80F961008EB344 /* SVProgressHUD.h */,
				ED2587691A80F961008EB344 /* SVProgressHUD.m */,
			);
			path = SVProgressHUD;
			sourceTree = "<group>";
		};
		ED25876C1A824088008EB344 /* index */ = {
			isa = PBXGroup;
			children = (
				ED25876D1A824088008EB344 /* CirculaScrollView.h */,
				ED25876E1A824088008EB344 /* CirculaScrollView.m */,
				ED2587701A8240BB008EB344 /* GridMainView.h */,
				ED2587711A8240BB008EB344 /* GridMainView.m */,
				767812DC1A830B0700CB4B08 /* PosterCollectionViewCell.h */,
				767812DD1A830B0700CB4B08 /* PosterCollectionViewCell.m */,
				767812DE1A830B0700CB4B08 /* PosterCollectionViewCell.xib */,
			);
			path = index;
			sourceTree = "<group>";
		};
/* End PBXGroup section */

/* Begin PBXNativeTarget section */
		ED2586DA1A7D14A1008EB344 /* Xtisk */ = {
			isa = PBXNativeTarget;
			buildConfigurationList = ED2586FE1A7D14A2008EB344 /* Build configuration list for PBXNativeTarget "Xtisk" */;
			buildPhases = (
				ED2586D71A7D14A1008EB344 /* Sources */,
				ED2586D81A7D14A1008EB344 /* Frameworks */,
				ED2586D91A7D14A1008EB344 /* Resources */,
			);
			buildRules = (
			);
			dependencies = (
			);
			name = Xtisk;
			productName = Xtisk;
			productReference = ED2586DB1A7D14A1008EB344 /* Xtisk.app */;
			productType = "com.apple.product-type.application";
		};
		ED2586F31A7D14A1008EB344 /* XtiskTests */ = {
			isa = PBXNativeTarget;
			buildConfigurationList = ED2587011A7D14A2008EB344 /* Build configuration list for PBXNativeTarget "XtiskTests" */;
			buildPhases = (
				ED2586F01A7D14A1008EB344 /* Sources */,
				ED2586F11A7D14A1008EB344 /* Frameworks */,
				ED2586F21A7D14A1008EB344 /* Resources */,
			);
			buildRules = (
			);
			dependencies = (
				ED2586F61A7D14A1008EB344 /* PBXTargetDependency */,
			);
			name = XtiskTests;
			productName = XtiskTests;
			productReference = ED2586F41A7D14A1008EB344 /* XtiskTests.xctest */;
			productType = "com.apple.product-type.bundle.unit-test";
		};
/* End PBXNativeTarget section */

/* Begin PBXProject section */
		ED2586D31A7D14A1008EB344 /* Project object */ = {
			isa = PBXProject;
			attributes = {
				LastUpgradeCheck = 0610;
				ORGANIZATIONNAME = "卢一";
				TargetAttributes = {
					ED2586DA1A7D14A1008EB344 = {
						CreatedOnToolsVersion = 6.1;
					};
					ED2586F31A7D14A1008EB344 = {
						CreatedOnToolsVersion = 6.1;
						TestTargetID = ED2586DA1A7D14A1008EB344;
					};
				};
			};
			buildConfigurationList = ED2586D61A7D14A1008EB344 /* Build configuration list for PBXProject "Xtisk" */;
			compatibilityVersion = "Xcode 3.2";
			developmentRegion = English;
			hasScannedForEncodings = 0;
			knownRegions = (
				en,
				Base,
			);
			mainGroup = ED2586D21A7D14A1008EB344;
			productRefGroup = ED2586DC1A7D14A1008EB344 /* Products */;
			projectDirPath = "";
			projectRoot = "";
			targets = (
				ED2586DA1A7D14A1008EB344 /* Xtisk */,
				ED2586F31A7D14A1008EB344 /* XtiskTests */,
			);
		};
/* End PBXProject section */

/* Begin PBXResourcesBuildPhase section */
		ED2586D91A7D14A1008EB344 /* Resources */ = {
			isa = PBXResourcesBuildPhase;
			buildActionMask = 2147483647;
			files = (
				7678129F1A80A71500CB4B08 /* tab_bar_1@2x.png in Resources */,
				ED2586EA1A7D14A1008EB344 /* Main.storyboard in Resources */,
				767812D21A81F9FC00CB4B08 /* 1-3.jpg in Resources */,
				7678128C1A809FE700CB4B08 /* IndexTabViewController.xib in Resources */,
				7678126A1A806C6000CB4B08 /* RegViewController.xib in Resources */,
				ED2586EF1A7D14A1008EB344 /* LaunchScreen.xib in Resources */,
				767812D31A81F9FC00CB4B08 /* 1-4.jpg in Resources */,
				ED2586EC1A7D14A1008EB344 /* Images.xcassets in Resources */,
				767812D11A81F9FC00CB4B08 /* 1-2.jpg in Resources */,
				767812D01A81F9FC00CB4B08 /* 1-1.jpg in Resources */,
				7678126C1A80736600CB4B08 /* base_back@2x.png in Resources */,
				ED25876A1A80F961008EB344 /* SVProgressHUD.bundle in Resources */,
				767812961A80A02D00CB4B08 /* ServiceTabViewController.xib in Resources */,
				764D60091A8343C400B186A5 /* ServiceItemCell.xib in Resources */,
				767812911A80A00F00CB4B08 /* MessageTabViewController.xib in Resources */,
				7678127E1A8096FC00CB4B08 /* LostPsdViewController.xib in Resources */,
				ED2587621A7FABF7008EB344 /* login_expend.png in Resources */,
				764D60141A8360B900B186A5 /* TicketQueryViewController.xib in Resources */,
				767812E01A830B0700CB4B08 /* PosterCollectionViewCell.xib in Resources */,
				7678129B1A80A04600CB4B08 /* MoreTabViewController.xib in Resources */,
				767812EB1A83328500CB4B08 /* MoreTableViewHeaderView.xib in Resources */,
				767812A01A80A71500CB4B08 /* tab_bar_1_selected@2x.png in Resources */,
			);
			runOnlyForDeploymentPostprocessing = 0;
		};
		ED2586F21A7D14A1008EB344 /* Resources */ = {
			isa = PBXResourcesBuildPhase;
			buildActionMask = 2147483647;
			files = (
			);
			runOnlyForDeploymentPostprocessing = 0;
		};
/* End PBXResourcesBuildPhase section */

/* Begin PBXSourcesBuildPhase section */
		ED2586D71A7D14A1008EB344 /* Sources */ = {
			isa = PBXSourcesBuildPhase;
			buildActionMask = 2147483647;
			files = (
				ED25872F1A7D185D008EB344 /* NSData+AES256.m in Sources */,
				764D60191A836DD600B186A5 /* XTFileManager.m in Sources */,
				764D5FFC1A83345F00B186A5 /* MainTabBarViewController.m in Sources */,
				ED25875B1A7FAA0C008EB344 /* LevelTwoViewController.m in Sources */,
				ED25875E1A7FAA2C008EB344 /* Person.m in Sources */,
				764D600F1A835F1F00B186A5 /* PopoverView.m in Sources */,
				ED25876F1A824088008EB344 /* CirculaScrollView.m in Sources */,
				ED2586E71A7D14A1008EB344 /* ViewController.m in Sources */,
				ED2587461A7D1B4A008EB344 /* FMDatabase.m in Sources */,
				764D5FFD1A83345F00B186A5 /* SecondaryViewController.m in Sources */,
				ED2587651A7FB1DA008EB344 /* ColorTools.m in Sources */,
				ED25874F1A7D1C34008EB344 /* DBManager.m in Sources */,
				764D60011A83349C00B186A5 /* CTLCustom.m in Sources */,
				ED25876B1A80F961008EB344 /* SVProgressHUD.m in Sources */,
				ED25872E1A7D185D008EB344 /* GTMBase64.mm in Sources */,
				767812E91A83326F00CB4B08 /* MoreTableViewHeaderView.m in Sources */,
				764D5FFB1A83345F00B186A5 /* CustomNavigationController.m in Sources */,
				767812681A806C3200CB4B08 /* RegViewController.m in Sources */,
				767812791A80939A00CB4B08 /* HttpService.m in Sources */,
				ED2587171A7D1857008EB344 /* GDataXMLNode.m in Sources */,
				ED25875A1A7FAA0C008EB344 /* ExtendsView.m in Sources */,
				767812C11A80BCD100CB4B08 /* UcmDispatchCenter.m in Sources */,
				7678128B1A809FE700CB4B08 /* IndexTabViewController.m in Sources */,
				ED2587471A7D1B4A008EB344 /* FMDatabaseAdditions.m in Sources */,
				767812731A808F1D00CB4B08 /* CSIHttpRequest.m in Sources */,
				ED2586E41A7D14A1008EB344 /* AppDelegate.m in Sources */,
				767812901A80A00F00CB4B08 /* MessageTabViewController.m in Sources */,
				ED2587481A7D1B4A008EB344 /* FMDatabasePool.m in Sources */,
				ED2587491A7D1B4A008EB344 /* FMDatabaseQueue.m in Sources */,
				ED2587181A7D1857008EB344 /* NSDate+utils.m in Sources */,
				767812DF1A830B0700CB4B08 /* PosterCollectionViewCell.m in Sources */,
				ED2587301A7D185D008EB344 /* NSData+Base64.mm in Sources */,
				ED2586E11A7D14A1008EB344 /* main.m in Sources */,
				ED25874A1A7D1B4A008EB344 /* FMResultSet.m in Sources */,
				767812721A808F1D00CB4B08 /* AsyncHttpRequest.m in Sources */,
				764D60131A8360B900B186A5 /* TicketQueryViewController.m in Sources */,
				7678127D1A8096FC00CB4B08 /* LostPsdViewController.m in Sources */,
				767812BD1A80BCC700CB4B08 /* GCDAsyncSocket.m in Sources */,
				ED2587551A7FA9D8008EB344 /* LoginViewController.m in Sources */,
				ED2587721A8240BB008EB344 /* GridMainView.m in Sources */,
				7678129A1A80A04600CB4B08 /* MoreTabViewController.m in Sources */,
				767812951A80A02D00CB4B08 /* ServiceTabViewController.m in Sources */,
				ED25870F1A7D1686008EB344 /* Util.m in Sources */,
				764D600C1A83441500B186A5 /* ServiceMainView.m in Sources */,
				764D60081A8343C400B186A5 /* ServiceItemCell.m in Sources */,
				767812811A80981000CB4B08 /* SettingService.m in Sources */,
				767812C71A80BDED00CB4B08 /* UcmHandleDataCenter.m in Sources */,
				ED2587191A7D1857008EB344 /* NSObject+Queue.m in Sources */,
			);
			runOnlyForDeploymentPostprocessing = 0;
		};
		ED2586F01A7D14A1008EB344 /* Sources */ = {
			isa = PBXSourcesBuildPhase;
			buildActionMask = 2147483647;
			files = (
				ED2586FB1A7D14A1008EB344 /* XtiskTests.m in Sources */,
			);
			runOnlyForDeploymentPostprocessing = 0;
		};
/* End PBXSourcesBuildPhase section */

/* Begin PBXTargetDependency section */
		ED2586F61A7D14A1008EB344 /* PBXTargetDependency */ = {
			isa = PBXTargetDependency;
			target = ED2586DA1A7D14A1008EB344 /* Xtisk */;
			targetProxy = ED2586F51A7D14A1008EB344 /* PBXContainerItemProxy */;
		};
/* End PBXTargetDependency section */

/* Begin PBXVariantGroup section */
		ED2586E81A7D14A1008EB344 /* Main.storyboard */ = {
			isa = PBXVariantGroup;
			children = (
				ED2586E91A7D14A1008EB344 /* Base */,
			);
			name = Main.storyboard;
			sourceTree = "<group>";
		};
		ED2586ED1A7D14A1008EB344 /* LaunchScreen.xib */ = {
			isa = PBXVariantGroup;
			children = (
				ED2586EE1A7D14A1008EB344 /* Base */,
			);
			name = LaunchScreen.xib;
			sourceTree = "<group>";
		};
/* End PBXVariantGroup section */

/* Begin XCBuildConfiguration section */
		ED2586FC1A7D14A2008EB344 /* Debug */ = {
			isa = XCBuildConfiguration;
			buildSettings = {
				ALWAYS_SEARCH_USER_PATHS = NO;
				CLANG_CXX_LANGUAGE_STANDARD = "gnu++0x";
				CLANG_CXX_LIBRARY = "libc++";
				CLANG_ENABLE_MODULES = YES;
				CLANG_ENABLE_OBJC_ARC = YES;
				CLANG_WARN_BOOL_CONVERSION = YES;
				CLANG_WARN_CONSTANT_CONVERSION = YES;
				CLANG_WARN_DIRECT_OBJC_ISA_USAGE = YES_ERROR;
				CLANG_WARN_EMPTY_BODY = YES;
				CLANG_WARN_ENUM_CONVERSION = YES;
				CLANG_WARN_INT_CONVERSION = YES;
				CLANG_WARN_OBJC_ROOT_CLASS = YES_ERROR;
				CLANG_WARN_UNREACHABLE_CODE = YES;
				CLANG_WARN__DUPLICATE_METHOD_MATCH = YES;
				"CODE_SIGN_IDENTITY[sdk=iphoneos*]" = "iPhone Developer";
				COPY_PHASE_STRIP = NO;
				ENABLE_STRICT_OBJC_MSGSEND = NO;
				GCC_C_LANGUAGE_STANDARD = gnu99;
				GCC_DYNAMIC_NO_PIC = NO;
				GCC_OPTIMIZATION_LEVEL = 0;
				GCC_PREPROCESSOR_DEFINITIONS = (
					"DEBUG=1",
					"$(inherited)",
				);
				GCC_SYMBOLS_PRIVATE_EXTERN = NO;
				GCC_WARN_64_TO_32_BIT_CONVERSION = YES;
				GCC_WARN_ABOUT_RETURN_TYPE = YES_ERROR;
				GCC_WARN_UNDECLARED_SELECTOR = YES;
				GCC_WARN_UNINITIALIZED_AUTOS = YES_AGGRESSIVE;
				GCC_WARN_UNUSED_FUNCTION = YES;
				GCC_WARN_UNUSED_VARIABLE = YES;
				IPHONEOS_DEPLOYMENT_TARGET = 8.1;
				MTL_ENABLE_DEBUG_INFO = YES;
				ONLY_ACTIVE_ARCH = YES;
				SDKROOT = iphoneos;
			};
			name = Debug;
		};
		ED2586FD1A7D14A2008EB344 /* Release */ = {
			isa = XCBuildConfiguration;
			buildSettings = {
				ALWAYS_SEARCH_USER_PATHS = NO;
				CLANG_CXX_LANGUAGE_STANDARD = "gnu++0x";
				CLANG_CXX_LIBRARY = "libc++";
				CLANG_ENABLE_MODULES = YES;
				CLANG_ENABLE_OBJC_ARC = YES;
				CLANG_WARN_BOOL_CONVERSION = YES;
				CLANG_WARN_CONSTANT_CONVERSION = YES;
				CLANG_WARN_DIRECT_OBJC_ISA_USAGE = YES_ERROR;
				CLANG_WARN_EMPTY_BODY = YES;
				CLANG_WARN_ENUM_CONVERSION = YES;
				CLANG_WARN_INT_CONVERSION = YES;
				CLANG_WARN_OBJC_ROOT_CLASS = YES_ERROR;
				CLANG_WARN_UNREACHABLE_CODE = YES;
				CLANG_WARN__DUPLICATE_METHOD_MATCH = YES;
				"CODE_SIGN_IDENTITY[sdk=iphoneos*]" = "iPhone Developer";
				COPY_PHASE_STRIP = YES;
				ENABLE_NS_ASSERTIONS = NO;
				ENABLE_STRICT_OBJC_MSGSEND = NO;
				GCC_C_LANGUAGE_STANDARD = gnu99;
				GCC_WARN_64_TO_32_BIT_CONVERSION = YES;
				GCC_WARN_ABOUT_RETURN_TYPE = YES_ERROR;
				GCC_WARN_UNDECLARED_SELECTOR = YES;
				GCC_WARN_UNINITIALIZED_AUTOS = YES_AGGRESSIVE;
				GCC_WARN_UNUSED_FUNCTION = YES;
				GCC_WARN_UNUSED_VARIABLE = YES;
				IPHONEOS_DEPLOYMENT_TARGET = 8.1;
				MTL_ENABLE_DEBUG_INFO = NO;
				SDKROOT = iphoneos;
				VALIDATE_PRODUCT = YES;
			};
			name = Release;
		};
		ED2586FF1A7D14A2008EB344 /* Debug */ = {
			isa = XCBuildConfiguration;
			buildSettings = {
				ASSETCATALOG_COMPILER_APPICON_NAME = AppIcon;
				ENABLE_STRICT_OBJC_MSGSEND = NO;
				HEADER_SEARCH_PATHS = (
					"$(inherited)",
					/Applications/Xcode.app/Contents/Developer/Toolchains/XcodeDefault.xctoolchain/usr/include,
					/usr/include/libxml2,
				);
				INFOPLIST_FILE = Xtisk/Info.plist;
				IPHONEOS_DEPLOYMENT_TARGET = 6.0;
				LD_RUNPATH_SEARCH_PATHS = "$(inherited) @executable_path/Frameworks";
				PRODUCT_NAME = "$(TARGET_NAME)";
			};
			name = Debug;
		};
		ED2587001A7D14A2008EB344 /* Release */ = {
			isa = XCBuildConfiguration;
			buildSettings = {
				ASSETCATALOG_COMPILER_APPICON_NAME = AppIcon;
				ENABLE_STRICT_OBJC_MSGSEND = NO;
				HEADER_SEARCH_PATHS = (
					"$(inherited)",
					/Applications/Xcode.app/Contents/Developer/Toolchains/XcodeDefault.xctoolchain/usr/include,
					/usr/include/libxml2,
				);
				INFOPLIST_FILE = Xtisk/Info.plist;
				IPHONEOS_DEPLOYMENT_TARGET = 6.0;
				LD_RUNPATH_SEARCH_PATHS = "$(inherited) @executable_path/Frameworks";
				PRODUCT_NAME = "$(TARGET_NAME)";
			};
			name = Release;
		};
		ED2587021A7D14A2008EB344 /* Debug */ = {
			isa = XCBuildConfiguration;
			buildSettings = {
				BUNDLE_LOADER = "$(TEST_HOST)";
				FRAMEWORK_SEARCH_PATHS = (
					"$(SDKROOT)/Developer/Library/Frameworks",
					"$(inherited)",
				);
				GCC_PREPROCESSOR_DEFINITIONS = (
					"DEBUG=1",
					"$(inherited)",
				);
				INFOPLIST_FILE = XtiskTests/Info.plist;
				LD_RUNPATH_SEARCH_PATHS = "$(inherited) @executable_path/Frameworks @loader_path/Frameworks";
				PRODUCT_NAME = "$(TARGET_NAME)";
				TEST_HOST = "$(BUILT_PRODUCTS_DIR)/Xtisk.app/Xtisk";
			};
			name = Debug;
		};
		ED2587031A7D14A2008EB344 /* Release */ = {
			isa = XCBuildConfiguration;
			buildSettings = {
				BUNDLE_LOADER = "$(TEST_HOST)";
				FRAMEWORK_SEARCH_PATHS = (
					"$(SDKROOT)/Developer/Library/Frameworks",
					"$(inherited)",
				);
				INFOPLIST_FILE = XtiskTests/Info.plist;
				LD_RUNPATH_SEARCH_PATHS = "$(inherited) @executable_path/Frameworks @loader_path/Frameworks";
				PRODUCT_NAME = "$(TARGET_NAME)";
				TEST_HOST = "$(BUILT_PRODUCTS_DIR)/Xtisk.app/Xtisk";
			};
			name = Release;
		};
/* End XCBuildConfiguration section */

/* Begin XCConfigurationList section */
		ED2586D61A7D14A1008EB344 /* Build configuration list for PBXProject "Xtisk" */ = {
			isa = XCConfigurationList;
			buildConfigurations = (
				ED2586FC1A7D14A2008EB344 /* Debug */,
				ED2586FD1A7D14A2008EB344 /* Release */,
			);
			defaultConfigurationIsVisible = 0;
			defaultConfigurationName = Release;
		};
		ED2586FE1A7D14A2008EB344 /* Build configuration list for PBXNativeTarget "Xtisk" */ = {
			isa = XCConfigurationList;
			buildConfigurations = (
				ED2586FF1A7D14A2008EB344 /* Debug */,
				ED2587001A7D14A2008EB344 /* Release */,
			);
			defaultConfigurationIsVisible = 0;
			defaultConfigurationName = Release;
		};
		ED2587011A7D14A2008EB344 /* Build configuration list for PBXNativeTarget "XtiskTests" */ = {
			isa = XCConfigurationList;
			buildConfigurations = (
				ED2587021A7D14A2008EB344 /* Debug */,
				ED2587031A7D14A2008EB344 /* Release */,
			);
			defaultConfigurationIsVisible = 0;
			defaultConfigurationName = Release;
		};
/* End XCConfigurationList section */
	};
	rootObject = ED2586D31A7D14A1008EB344 /* Project object */;
}
